// !$*UTF8*$!
{
	archiveVersion = 1;
	classes = {
	};
	objectVersion = 56;
	objects = {

/* Begin PBXBuildFile section */
		7B08EFF22ACD6B7900F870DB /* (실버5) 1193 분수찾기.swift in Sources */ = {isa = PBXBuildFile; fileRef = 7B08EFF12ACD6B7900F870DB /* (실버5) 1193 분수찾기.swift */; };
		7B37DDDF2AD04BBF000A323F /* (실버4) 10816 숫자 카드 2.swift in Sources */ = {isa = PBXBuildFile; fileRef = 7B37DDDE2AD04BBF000A323F /* (실버4) 10816 숫자 카드 2.swift */; };
		7B37DDE22AD0F9BF000A323F /* (실버3) 11659 구간 합 구하기 4.swift in Sources */ = {isa = PBXBuildFile; fileRef = 7B37DDE12AD0F9BF000A323F /* (실버3) 11659 구간 합 구하기 4.swift */; };
		7B5A67B52ACD815E002A18BE /* (실버2) 18870 좌표 압축.swift in Sources */ = {isa = PBXBuildFile; fileRef = 7B5A67B42ACD815E002A18BE /* (실버2) 18870 좌표 압축.swift */; };
		7B5A67BA2ACE6F0E002A18BE /* (브론즈5) 27433 팩토리얼 2.swift in Sources */ = {isa = PBXBuildFile; fileRef = 7B5A67B92ACE6F0E002A18BE /* (브론즈5) 27433 팩토리얼 2.swift */; };
		7B5A67BC2ACE7174002A18BE /* (브론즈2) 10870 피보나치 수5.swift in Sources */ = {isa = PBXBuildFile; fileRef = 7B5A67BB2ACE7174002A18BE /* (브론즈2) 10870 피보나치 수5.swift */; };
		7B5A67BE2ACF1388002A18BE /* (브론즈2) 25501 재귀의 귀재.swift in Sources */ = {isa = PBXBuildFile; fileRef = 7B5A67BD2ACF1388002A18BE /* (브론즈2) 25501 재귀의 귀재.swift */; };
/* End PBXBuildFile section */

/* Begin PBXCopyFilesBuildPhase section */
		7B08EFEC2ACD6B7900F870DB /* CopyFiles */ = {
			isa = PBXCopyFilesBuildPhase;
			buildActionMask = 2147483647;
			dstPath = /usr/share/man/man1/;
			dstSubfolderSpec = 0;
			files = (
			);
			runOnlyForDeploymentPostprocessing = 1;
		};
/* End PBXCopyFilesBuildPhase section */

/* Begin PBXFileReference section */
		7B08EFEE2ACD6B7900F870DB /* Baekjoon */ = {isa = PBXFileReference; explicitFileType = "compiled.mach-o.executable"; includeInIndex = 0; path = Baekjoon; sourceTree = BUILT_PRODUCTS_DIR; };
		7B08EFF12ACD6B7900F870DB /* (실버5) 1193 분수찾기.swift */ = {isa = PBXFileReference; lastKnownFileType = sourcecode.swift; path = "(실버5) 1193 분수찾기.swift"; sourceTree = "<group>"; };
		7B37DDDE2AD04BBF000A323F /* (실버4) 10816 숫자 카드 2.swift */ = {isa = PBXFileReference; lastKnownFileType = sourcecode.swift; path = "(실버4) 10816 숫자 카드 2.swift"; sourceTree = "<group>"; };
		7B37DDE12AD0F9BF000A323F /* (실버3) 11659 구간 합 구하기 4.swift */ = {isa = PBXFileReference; lastKnownFileType = sourcecode.swift; path = "(실버3) 11659 구간 합 구하기 4.swift"; sourceTree = "<group>"; };
		7B5A67B42ACD815E002A18BE /* (실버2) 18870 좌표 압축.swift */ = {isa = PBXFileReference; lastKnownFileType = sourcecode.swift; path = "(실버2) 18870 좌표 압축.swift"; sourceTree = "<group>"; };
		7B5A67B92ACE6F0E002A18BE /* (브론즈5) 27433 팩토리얼 2.swift */ = {isa = PBXFileReference; lastKnownFileType = sourcecode.swift; path = "(브론즈5) 27433 팩토리얼 2.swift"; sourceTree = "<group>"; };
		7B5A67BB2ACE7174002A18BE /* (브론즈2) 10870 피보나치 수5.swift */ = {isa = PBXFileReference; lastKnownFileType = sourcecode.swift; path = "(브론즈2) 10870 피보나치 수5.swift"; sourceTree = "<group>"; };
		7B5A67BD2ACF1388002A18BE /* (브론즈2) 25501 재귀의 귀재.swift */ = {isa = PBXFileReference; lastKnownFileType = sourcecode.swift; path = "(브론즈2) 25501 재귀의 귀재.swift"; sourceTree = "<group>"; };
/* End PBXFileReference section */

/* Begin PBXFrameworksBuildPhase section */
		7B08EFEB2ACD6B7900F870DB /* Frameworks */ = {
			isa = PBXFrameworksBuildPhase;
			buildActionMask = 2147483647;
			files = (
			);
			runOnlyForDeploymentPostprocessing = 0;
		};
/* End PBXFrameworksBuildPhase section */

/* Begin PBXGroup section */
		7B08EFE52ACD6B7900F870DB = {
			isa = PBXGroup;
			children = (
				7B08EFF02ACD6B7900F870DB /* Baekjoon */,
				7B08EFEF2ACD6B7900F870DB /* Products */,
			);
			sourceTree = "<group>";
		};
		7B08EFEF2ACD6B7900F870DB /* Products */ = {
			isa = PBXGroup;
			children = (
				7B08EFEE2ACD6B7900F870DB /* Baekjoon */,
			);
			name = Products;
			sourceTree = "<group>";
		};
		7B08EFF02ACD6B7900F870DB /* Baekjoon */ = {
			isa = PBXGroup;
			children = (
				7B37DDE02AD0F99E000A323F /* 누적합 */,
				7B37DDDD2AD04BA3000A323F /* 해시를 사용한 집합과 맵 */,
				7B5A67B82ACE6EF5002A18BE /* 재귀함수 */,
				7B5A67B72ACE6EB4002A18BE /* 수학 */,
				7B5A67B62ACE6E78002A18BE /* 정렬 */,
			);
			path = Baekjoon;
			sourceTree = "<group>";
		};
		7B37DDDD2AD04BA3000A323F /* 해시를 사용한 집합과 맵 */ = {
			isa = PBXGroup;
			children = (
				7B37DDDE2AD04BBF000A323F /* (실버4) 10816 숫자 카드 2.swift */,
			);
			name = "해시를 사용한 집합과 맵";
			path = "해시를 사용한 집합과 맵";
			sourceTree = "<group>";
		};
		7B37DDE02AD0F99E000A323F /* 누적합 */ = {
			isa = PBXGroup;
			children = (
				7B37DDE12AD0F9BF000A323F /* (실버3) 11659 구간 합 구하기 4.swift */,
			);
			name = "누적합";
			path = "누적합";
			sourceTree = "<group>";
		};
		7B5A67B62ACE6E78002A18BE /* 정렬 */ = {
			isa = PBXGroup;
			children = (
				7B5A67B42ACD815E002A18BE /* (실버2) 18870 좌표 압축.swift */,
			);
			name = "정렬";
			path = "정렬";
			sourceTree = "<group>";
		};
		7B5A67B72ACE6EB4002A18BE /* 수학 */ = {
			isa = PBXGroup;
			children = (
				7B08EFF12ACD6B7900F870DB /* (실버5) 1193 분수찾기.swift */,
			);
			name = "수학";
			path = "수학";
			sourceTree = "<group>";
		};
		7B5A67B82ACE6EF5002A18BE /* 재귀함수 */ = {
			isa = PBXGroup;
			children = (
				7B5A67B92ACE6F0E002A18BE /* (브론즈5) 27433 팩토리얼 2.swift */,
				7B5A67BB2ACE7174002A18BE /* (브론즈2) 10870 피보나치 수5.swift */,
				7B5A67BD2ACF1388002A18BE /* (브론즈2) 25501 재귀의 귀재.swift */,
			);
			name = "재귀함수";
			path = "재귀함수";
			sourceTree = "<group>";
		};
/* End PBXGroup section */

/* Begin PBXNativeTarget section */
		7B08EFED2ACD6B7900F870DB /* Baekjoon */ = {
			isa = PBXNativeTarget;
			buildConfigurationList = 7B08EFF52ACD6B7900F870DB /* Build configuration list for PBXNativeTarget "Baekjoon" */;
			buildPhases = (
				7B08EFEA2ACD6B7900F870DB /* Sources */,
				7B08EFEB2ACD6B7900F870DB /* Frameworks */,
				7B08EFEC2ACD6B7900F870DB /* CopyFiles */,
			);
			buildRules = (
			);
			dependencies = (
			);
			name = Baekjoon;
			productName = Baekjoon;
			productReference = 7B08EFEE2ACD6B7900F870DB /* Baekjoon */;
			productType = "com.apple.product-type.tool";
		};
/* End PBXNativeTarget section */

/* Begin PBXProject section */
		7B08EFE62ACD6B7900F870DB /* Project object */ = {
			isa = PBXProject;
			attributes = {
				BuildIndependentTargetsInParallel = 1;
				LastSwiftUpdateCheck = 1500;
				LastUpgradeCheck = 1500;
				TargetAttributes = {
					7B08EFED2ACD6B7900F870DB = {
						CreatedOnToolsVersion = 15.0;
					};
				};
			};
			buildConfigurationList = 7B08EFE92ACD6B7900F870DB /* Build configuration list for PBXProject "Baekjoon" */;
			compatibilityVersion = "Xcode 14.0";
			developmentRegion = en;
			hasScannedForEncodings = 0;
			knownRegions = (
				en,
				Base,
			);
			mainGroup = 7B08EFE52ACD6B7900F870DB;
			productRefGroup = 7B08EFEF2ACD6B7900F870DB /* Products */;
			projectDirPath = "";
			projectRoot = "";
			targets = (
				7B08EFED2ACD6B7900F870DB /* Baekjoon */,
			);
		};
/* End PBXProject section */

/* Begin PBXSourcesBuildPhase section */
		7B08EFEA2ACD6B7900F870DB /* Sources */ = {
			isa = PBXSourcesBuildPhase;
			buildActionMask = 2147483647;
			files = (
				7B37DDDF2AD04BBF000A323F /* (실버4) 10816 숫자 카드 2.swift in Sources */,
				7B5A67B52ACD815E002A18BE /* (실버2) 18870 좌표 압축.swift in Sources */,
				7B5A67BA2ACE6F0E002A18BE /* (브론즈5) 27433 팩토리얼 2.swift in Sources */,
				7B37DDE22AD0F9BF000A323F /* (실버3) 11659 구간 합 구하기 4.swift in Sources */,
				7B5A67BE2ACF1388002A18BE /* (브론즈2) 25501 재귀의 귀재.swift in Sources */,
				7B08EFF22ACD6B7900F870DB /* (실버5) 1193 분수찾기.swift in Sources */,
				7B5A67BC2ACE7174002A18BE /* (브론즈2) 10870 피보나치 수5.swift in Sources */,
			);
			runOnlyForDeploymentPostprocessing = 0;
		};
/* End PBXSourcesBuildPhase section */

/* Begin XCBuildConfiguration section */
		7B08EFF32ACD6B7900F870DB /* Debug */ = {
			isa = XCBuildConfiguration;
			buildSettings = {
				ALWAYS_SEARCH_USER_PATHS = NO;
				ASSETCATALOG_COMPILER_GENERATE_SWIFT_ASSET_SYMBOL_EXTENSIONS = YES;
				CLANG_ANALYZER_NONNULL = YES;
				CLANG_ANALYZER_NUMBER_OBJECT_CONVERSION = YES_AGGRESSIVE;
				CLANG_CXX_LANGUAGE_STANDARD = "gnu++20";
				CLANG_ENABLE_MODULES = YES;
				CLANG_ENABLE_OBJC_ARC = YES;
				CLANG_ENABLE_OBJC_WEAK = YES;
				CLANG_WARN_BLOCK_CAPTURE_AUTORELEASING = YES;
				CLANG_WARN_BOOL_CONVERSION = YES;
				CLANG_WARN_COMMA = YES;
				CLANG_WARN_CONSTANT_CONVERSION = YES;
				CLANG_WARN_DEPRECATED_OBJC_IMPLEMENTATIONS = YES;
				CLANG_WARN_DIRECT_OBJC_ISA_USAGE = YES_ERROR;
				CLANG_WARN_DOCUMENTATION_COMMENTS = YES;
				CLANG_WARN_EMPTY_BODY = YES;
				CLANG_WARN_ENUM_CONVERSION = YES;
				CLANG_WARN_INFINITE_RECURSION = YES;
				CLANG_WARN_INT_CONVERSION = YES;
				CLANG_WARN_NON_LITERAL_NULL_CONVERSION = YES;
				CLANG_WARN_OBJC_IMPLICIT_RETAIN_SELF = YES;
				CLANG_WARN_OBJC_LITERAL_CONVERSION = YES;
				CLANG_WARN_OBJC_ROOT_CLASS = YES_ERROR;
				CLANG_WARN_QUOTED_INCLUDE_IN_FRAMEWORK_HEADER = YES;
				CLANG_WARN_RANGE_LOOP_ANALYSIS = YES;
				CLANG_WARN_STRICT_PROTOTYPES = YES;
				CLANG_WARN_SUSPICIOUS_MOVE = YES;
				CLANG_WARN_UNGUARDED_AVAILABILITY = YES_AGGRESSIVE;
				CLANG_WARN_UNREACHABLE_CODE = YES;
				CLANG_WARN__DUPLICATE_METHOD_MATCH = YES;
				COPY_PHASE_STRIP = NO;
				DEBUG_INFORMATION_FORMAT = dwarf;
				ENABLE_STRICT_OBJC_MSGSEND = YES;
				ENABLE_TESTABILITY = YES;
				ENABLE_USER_SCRIPT_SANDBOXING = YES;
				GCC_C_LANGUAGE_STANDARD = gnu17;
				GCC_DYNAMIC_NO_PIC = NO;
				GCC_NO_COMMON_BLOCKS = YES;
				GCC_OPTIMIZATION_LEVEL = 0;
				GCC_PREPROCESSOR_DEFINITIONS = (
					"DEBUG=1",
					"$(inherited)",
				);
				GCC_WARN_64_TO_32_BIT_CONVERSION = YES;
				GCC_WARN_ABOUT_RETURN_TYPE = YES_ERROR;
				GCC_WARN_UNDECLARED_SELECTOR = YES;
				GCC_WARN_UNINITIALIZED_AUTOS = YES_AGGRESSIVE;
				GCC_WARN_UNUSED_FUNCTION = YES;
				GCC_WARN_UNUSED_VARIABLE = YES;
				LOCALIZATION_PREFERS_STRING_CATALOGS = YES;
				MACOSX_DEPLOYMENT_TARGET = 14.0;
				MTL_ENABLE_DEBUG_INFO = INCLUDE_SOURCE;
				MTL_FAST_MATH = YES;
				ONLY_ACTIVE_ARCH = YES;
				SDKROOT = macosx;
				SWIFT_ACTIVE_COMPILATION_CONDITIONS = "DEBUG $(inherited)";
				SWIFT_OPTIMIZATION_LEVEL = "-Onone";
			};
			name = Debug;
		};
		7B08EFF42ACD6B7900F870DB /* Release */ = {
			isa = XCBuildConfiguration;
			buildSettings = {
				ALWAYS_SEARCH_USER_PATHS = NO;
				ASSETCATALOG_COMPILER_GENERATE_SWIFT_ASSET_SYMBOL_EXTENSIONS = YES;
				CLANG_ANALYZER_NONNULL = YES;
				CLANG_ANALYZER_NUMBER_OBJECT_CONVERSION = YES_AGGRESSIVE;
				CLANG_CXX_LANGUAGE_STANDARD = "gnu++20";
				CLANG_ENABLE_MODULES = YES;
				CLANG_ENABLE_OBJC_ARC = YES;
				CLANG_ENABLE_OBJC_WEAK = YES;
				CLANG_WARN_BLOCK_CAPTURE_AUTORELEASING = YES;
				CLANG_WARN_BOOL_CONVERSION = YES;
				CLANG_WARN_COMMA = YES;
				CLANG_WARN_CONSTANT_CONVERSION = YES;
				CLANG_WARN_DEPRECATED_OBJC_IMPLEMENTATIONS = YES;
				CLANG_WARN_DIRECT_OBJC_ISA_USAGE = YES_ERROR;
				CLANG_WARN_DOCUMENTATION_COMMENTS = YES;
				CLANG_WARN_EMPTY_BODY = YES;
				CLANG_WARN_ENUM_CONVERSION = YES;
				CLANG_WARN_INFINITE_RECURSION = YES;
				CLANG_WARN_INT_CONVERSION = YES;
				CLANG_WARN_NON_LITERAL_NULL_CONVERSION = YES;
				CLANG_WARN_OBJC_IMPLICIT_RETAIN_SELF = YES;
				CLANG_WARN_OBJC_LITERAL_CONVERSION = YES;
				CLANG_WARN_OBJC_ROOT_CLASS = YES_ERROR;
				CLANG_WARN_QUOTED_INCLUDE_IN_FRAMEWORK_HEADER = YES;
				CLANG_WARN_RANGE_LOOP_ANALYSIS = YES;
				CLANG_WARN_STRICT_PROTOTYPES = YES;
				CLANG_WARN_SUSPICIOUS_MOVE = YES;
				CLANG_WARN_UNGUARDED_AVAILABILITY = YES_AGGRESSIVE;
				CLANG_WARN_UNREACHABLE_CODE = YES;
				CLANG_WARN__DUPLICATE_METHOD_MATCH = YES;
				COPY_PHASE_STRIP = NO;
				DEBUG_INFORMATION_FORMAT = "dwarf-with-dsym";
				ENABLE_NS_ASSERTIONS = NO;
				ENABLE_STRICT_OBJC_MSGSEND = YES;
				ENABLE_USER_SCRIPT_SANDBOXING = YES;
				GCC_C_LANGUAGE_STANDARD = gnu17;
				GCC_NO_COMMON_BLOCKS = YES;
				GCC_WARN_64_TO_32_BIT_CONVERSION = YES;
				GCC_WARN_ABOUT_RETURN_TYPE = YES_ERROR;
				GCC_WARN_UNDECLARED_SELECTOR = YES;
				GCC_WARN_UNINITIALIZED_AUTOS = YES_AGGRESSIVE;
				GCC_WARN_UNUSED_FUNCTION = YES;
				GCC_WARN_UNUSED_VARIABLE = YES;
				LOCALIZATION_PREFERS_STRING_CATALOGS = YES;
				MACOSX_DEPLOYMENT_TARGET = 14.0;
				MTL_ENABLE_DEBUG_INFO = NO;
				MTL_FAST_MATH = YES;
				SDKROOT = macosx;
				SWIFT_COMPILATION_MODE = wholemodule;
			};
			name = Release;
		};
		7B08EFF62ACD6B7900F870DB /* Debug */ = {
			isa = XCBuildConfiguration;
			buildSettings = {
				CODE_SIGN_STYLE = Automatic;
				DEVELOPMENT_TEAM = T62JF6T7Q4;
				ENABLE_HARDENED_RUNTIME = YES;
				PRODUCT_NAME = "$(TARGET_NAME)";
				SWIFT_VERSION = 5.0;
			};
			name = Debug;
		};
		7B08EFF72ACD6B7900F870DB /* Release */ = {
			isa = XCBuildConfiguration;
			buildSettings = {
				CODE_SIGN_STYLE = Automatic;
				DEVELOPMENT_TEAM = T62JF6T7Q4;
				ENABLE_HARDENED_RUNTIME = YES;
				PRODUCT_NAME = "$(TARGET_NAME)";
				SWIFT_VERSION = 5.0;
			};
			name = Release;
		};
/* End XCBuildConfiguration section */

/* Begin XCConfigurationList section */
		7B08EFE92ACD6B7900F870DB /* Build configuration list for PBXProject "Baekjoon" */ = {
			isa = XCConfigurationList;
			buildConfigurations = (
				7B08EFF32ACD6B7900F870DB /* Debug */,
				7B08EFF42ACD6B7900F870DB /* Release */,
			);
			defaultConfigurationIsVisible = 0;
			defaultConfigurationName = Release;
		};
		7B08EFF52ACD6B7900F870DB /* Build configuration list for PBXNativeTarget "Baekjoon" */ = {
			isa = XCConfigurationList;
			buildConfigurations = (
				7B08EFF62ACD6B7900F870DB /* Debug */,
				7B08EFF72ACD6B7900F870DB /* Release */,
			);
			defaultConfigurationIsVisible = 0;
			defaultConfigurationName = Release;
		};
/* End XCConfigurationList section */
	};
	rootObject = 7B08EFE62ACD6B7900F870DB /* Project object */;
}
